
Microsoft Visual Studio Solution File, Format Version 12.00
# Visual Studio Version 16
VisualStudioVersion = 16.0.31410.357
MinimumVisualStudioVersion = 10.0.40219.1
Project("{FAE04EC0-301F-11D3-BF4B-00C04F79EFBC}") = "Traffik Racer 2D", "Traffik Racer 2D\Traffik Racer 2D.csproj", "{FB017E08-3EF6-4E97-BB61-EF34FC230468}"
EndProject
Global
	GlobalSection(SolutionConfigurationPlatforms) = preSolution
		Debug|Any CPU = Debug|Any CPU
		Release|Any CPU = Release|Any CPU
	EndGlobalSection
	GlobalSection(ProjectConfigurationPlatforms) = postSolution
		{FB017E08-3EF6-4E97-BB61-EF34FC230468}.Debug|Any CPU.ActiveCfg = Debug|Any CPU
		{FB017E08-3EF6-4E97-BB61-EF34FC230468}.Debug|Any CPU.Build.0 = Debug|Any CPU
		{FB017E08-3EF6-4E97-BB61-EF34FC230468}.Release|Any CPU.ActiveCfg = Release|Any CPU
		{FB017E08-3EF6-4E97-BB61-EF34FC230468}.Release|Any CPU.Build.0 = Release|Any CPU
	EndGlobalSection
	GlobalSection(SolutionProperties) = preSolution
		HideSolutionNode = FALSE
	EndGlobalSection
	GlobalSection(ExtensibilityGlobals) = postSolution
		SolutionGuid = {75BC53AD-BF4E-4A6D-9742-FE9F872F89CC}
	EndGlobalSection
EndGlobal
